{
  "name": "FrontendMentor_challenges",
  "lockfileVersion": 2,
  "requires": true,
  "packages": {
    "": {
      "dependencies": {
        "@fontsource/red-hat-display": "^4.5.0"
      }
    },
    "node_modules/@fontsource/red-hat-display": {
      "version": "4.5.0",
      "resolved": "https://registry.npmjs.org/@fontsource/red-hat-display/-/red-hat-display-4.5.0.tgz",
      "integrity": "sha512-Cu08B/2mbcyCCIpOcU6s/kKyElz6mUpTOTqzv3P8x8St4SzV2Y8LCyR3tAoo7iLHFcpz1HMyLBt42/Rqei1Q0Q=="
    }
  },
  "dependencies": {
    "@fontsource/red-hat-display": {
      "version": "4.5.0",
      "resolved": "https://registry.npmjs.org/@fontsource/red-hat-display/-/red-hat-display-4.5.0.tgz",
      "integrity": "sha512-Cu08B/2mbcyCCIpOcU6s/kKyElz6mUpTOTqzv3P8x8St4SzV2Y8LCyR3tAoo7iLHFcpz1HMyLBt42/Rqei1Q0Q=="
    }
  }
}
